// !$*UTF8*$!
{
	archiveVersion = 1;
	classes = {
	};
	objectVersion = 55;
	objects = {

/* Begin PBXBuildFile section */
		0E0B4693283C701E006021A1 /* ActivityIndicator.swift in Sources */ = {isa = PBXBuildFile; fileRef = 0E0B4692283C701E006021A1 /* ActivityIndicator.swift */; };
		0E4332962839E311003742DB /* BusinessDetailViewController.swift in Sources */ = {isa = PBXBuildFile; fileRef = 0E4332952839E311003742DB /* BusinessDetailViewController.swift */; };
		0E4332992839E52E003742DB /* BusinessDetailViewModel.swift in Sources */ = {isa = PBXBuildFile; fileRef = 0E4332982839E52E003742DB /* BusinessDetailViewModel.swift */; };
		0E43329C2839E9E7003742DB /* HourModel.swift in Sources */ = {isa = PBXBuildFile; fileRef = 0E43329B2839E9E7003742DB /* HourModel.swift */; };
		0E43329F2839EB66003742DB /* MessagingModel.swift in Sources */ = {isa = PBXBuildFile; fileRef = 0E43329E2839EB66003742DB /* MessagingModel.swift */; };
		0E4332A22839F1A4003742DB /* Kingfisher in Frameworks */ = {isa = PBXBuildFile; productRef = 0E4332A12839F1A4003742DB /* Kingfisher */; };
		0E4332A4283A0173003742DB /* Date+Extesions.swift in Sources */ = {isa = PBXBuildFile; fileRef = 0E4332A3283A0173003742DB /* Date+Extesions.swift */; };
		0E4332A7283A0685003742DB /* BaseViewController.swift in Sources */ = {isa = PBXBuildFile; fileRef = 0E4332A6283A0685003742DB /* BaseViewController.swift */; };
		0E4332AA283BB60E003742DB /* BaseViewModel.swift in Sources */ = {isa = PBXBuildFile; fileRef = 0E4332A9283BB60E003742DB /* BaseViewModel.swift */; };
		0E83FF3D2838BCEC0005CEF0 /* CategoryModel.swift in Sources */ = {isa = PBXBuildFile; fileRef = 0E83FF3C2838BCEC0005CEF0 /* CategoryModel.swift */; };
		0E83FF402838BEA70005CEF0 /* CoordinateModel.swift in Sources */ = {isa = PBXBuildFile; fileRef = 0E83FF3F2838BEA70005CEF0 /* CoordinateModel.swift */; };
		0E83FF432838BF870005CEF0 /* LocationModel.swift in Sources */ = {isa = PBXBuildFile; fileRef = 0E83FF422838BF870005CEF0 /* LocationModel.swift */; };
		0E83FF512838CCF70005CEF0 /* RxBlocking in Frameworks */ = {isa = PBXBuildFile; productRef = 0E83FF502838CCF70005CEF0 /* RxBlocking */; };
		0E83FF532838CCF70005CEF0 /* RxCocoa in Frameworks */ = {isa = PBXBuildFile; productRef = 0E83FF522838CCF70005CEF0 /* RxCocoa */; };
		0E83FF552838CCF70005CEF0 /* RxRelay in Frameworks */ = {isa = PBXBuildFile; productRef = 0E83FF542838CCF70005CEF0 /* RxRelay */; };
		0E83FF572838CCF70005CEF0 /* RxSwift in Frameworks */ = {isa = PBXBuildFile; productRef = 0E83FF562838CCF70005CEF0 /* RxSwift */; };
		0E83FF592838CCF70005CEF0 /* RxTest in Frameworks */ = {isa = PBXBuildFile; productRef = 0E83FF582838CCF70005CEF0 /* RxTest */; };
		0E83FF5E2838E2910005CEF0 /* BusinessCell.swift in Sources */ = {isa = PBXBuildFile; fileRef = 0E83FF5C2838E2910005CEF0 /* BusinessCell.swift */; };
		0E83FF5F2838E2910005CEF0 /* BusinessCell.xib in Resources */ = {isa = PBXBuildFile; fileRef = 0E83FF5D2838E2910005CEF0 /* BusinessCell.xib */; };
		0EA913F4283882A50018CE3A /* AppDelegate.swift in Sources */ = {isa = PBXBuildFile; fileRef = 0EA913F3283882A50018CE3A /* AppDelegate.swift */; };
		0EA913F6283882A50018CE3A /* SceneDelegate.swift in Sources */ = {isa = PBXBuildFile; fileRef = 0EA913F5283882A50018CE3A /* SceneDelegate.swift */; };
		0EA913FB283882A50018CE3A /* Main.storyboard in Resources */ = {isa = PBXBuildFile; fileRef = 0EA913F9283882A50018CE3A /* Main.storyboard */; };
		0EA913FD283882A60018CE3A /* Assets.xcassets in Resources */ = {isa = PBXBuildFile; fileRef = 0EA913FC283882A60018CE3A /* Assets.xcassets */; };
		0EA91400283882A60018CE3A /* LaunchScreen.storyboard in Resources */ = {isa = PBXBuildFile; fileRef = 0EA913FE283882A60018CE3A /* LaunchScreen.storyboard */; };
		0EA9140B283882A60018CE3A /* AptitudeTestTests.swift in Sources */ = {isa = PBXBuildFile; fileRef = 0EA9140A283882A60018CE3A /* AptitudeTestTests.swift */; };
		0EA91415283882A60018CE3A /* AptitudeTestUITests.swift in Sources */ = {isa = PBXBuildFile; fileRef = 0EA91414283882A60018CE3A /* AptitudeTestUITests.swift */; };
		0EA91417283882A60018CE3A /* AptitudeTestUITestsLaunchTests.swift in Sources */ = {isa = PBXBuildFile; fileRef = 0EA91416283882A60018CE3A /* AptitudeTestUITestsLaunchTests.swift */; };
		0EA91429283888D70018CE3A /* HomeViewController.swift in Sources */ = {isa = PBXBuildFile; fileRef = 0EA91428283888D70018CE3A /* HomeViewController.swift */; };
		0EA9142D28388B9C0018CE3A /* LocationManager.swift in Sources */ = {isa = PBXBuildFile; fileRef = 0EA9142C28388B9C0018CE3A /* LocationManager.swift */; };
		0EA91431283891360018CE3A /* HomeViewModel.swift in Sources */ = {isa = PBXBuildFile; fileRef = 0EA91430283891360018CE3A /* HomeViewModel.swift */; };
		0EA914342838943D0018CE3A /* ServiceAPI.swift in Sources */ = {isa = PBXBuildFile; fileRef = 0EA914332838943D0018CE3A /* ServiceAPI.swift */; };
		0EA91437283894670018CE3A /* Constants.swift in Sources */ = {isa = PBXBuildFile; fileRef = 0EA91436283894670018CE3A /* Constants.swift */; };
		0EA91439283894BC0018CE3A /* APIProvider.swift in Sources */ = {isa = PBXBuildFile; fileRef = 0EA91438283894BC0018CE3A /* APIProvider.swift */; };
		0EA9143D283898C90018CE3A /* BusinessesResponseModel.swift in Sources */ = {isa = PBXBuildFile; fileRef = 0EA9143C283898C90018CE3A /* BusinessesResponseModel.swift */; };
		0EA914402838A4B30018CE3A /* BusinessModel.swift in Sources */ = {isa = PBXBuildFile; fileRef = 0EA9143F2838A4B30018CE3A /* BusinessModel.swift */; };
/* End PBXBuildFile section */

/* Begin PBXContainerItemProxy section */
		0EA91407283882A60018CE3A /* PBXContainerItemProxy */ = {
			isa = PBXContainerItemProxy;
			containerPortal = 0EA913E8283882A50018CE3A /* Project object */;
			proxyType = 1;
			remoteGlobalIDString = 0EA913EF283882A50018CE3A;
			remoteInfo = AptitudeTest;
		};
		0EA91411283882A60018CE3A /* PBXContainerItemProxy */ = {
			isa = PBXContainerItemProxy;
			containerPortal = 0EA913E8283882A50018CE3A /* Project object */;
			proxyType = 1;
			remoteGlobalIDString = 0EA913EF283882A50018CE3A;
			remoteInfo = AptitudeTest;
		};
/* End PBXContainerItemProxy section */

/* Begin PBXFileReference section */
		0E0B4692283C701E006021A1 /* ActivityIndicator.swift */ = {isa = PBXFileReference; lastKnownFileType = sourcecode.swift; path = ActivityIndicator.swift; sourceTree = "<group>"; };
		0E4332952839E311003742DB /* BusinessDetailViewController.swift */ = {isa = PBXFileReference; lastKnownFileType = sourcecode.swift; path = BusinessDetailViewController.swift; sourceTree = "<group>"; };
		0E4332982839E52E003742DB /* BusinessDetailViewModel.swift */ = {isa = PBXFileReference; lastKnownFileType = sourcecode.swift; path = BusinessDetailViewModel.swift; sourceTree = "<group>"; };
		0E43329B2839E9E7003742DB /* HourModel.swift */ = {isa = PBXFileReference; lastKnownFileType = sourcecode.swift; path = HourModel.swift; sourceTree = "<group>"; };
		0E43329E2839EB66003742DB /* MessagingModel.swift */ = {isa = PBXFileReference; lastKnownFileType = sourcecode.swift; path = MessagingModel.swift; sourceTree = "<group>"; };
		0E4332A3283A0173003742DB /* Date+Extesions.swift */ = {isa = PBXFileReference; lastKnownFileType = sourcecode.swift; path = "Date+Extesions.swift"; sourceTree = "<group>"; };
		0E4332A6283A0685003742DB /* BaseViewController.swift */ = {isa = PBXFileReference; lastKnownFileType = sourcecode.swift; path = BaseViewController.swift; sourceTree = "<group>"; };
		0E4332A9283BB60E003742DB /* BaseViewModel.swift */ = {isa = PBXFileReference; lastKnownFileType = sourcecode.swift; path = BaseViewModel.swift; sourceTree = "<group>"; };
		0E83FF3C2838BCEC0005CEF0 /* CategoryModel.swift */ = {isa = PBXFileReference; lastKnownFileType = sourcecode.swift; path = CategoryModel.swift; sourceTree = "<group>"; };
		0E83FF3F2838BEA70005CEF0 /* CoordinateModel.swift */ = {isa = PBXFileReference; lastKnownFileType = sourcecode.swift; path = CoordinateModel.swift; sourceTree = "<group>"; };
		0E83FF422838BF870005CEF0 /* LocationModel.swift */ = {isa = PBXFileReference; lastKnownFileType = sourcecode.swift; path = LocationModel.swift; sourceTree = "<group>"; };
		0E83FF5C2838E2910005CEF0 /* BusinessCell.swift */ = {isa = PBXFileReference; lastKnownFileType = sourcecode.swift; path = BusinessCell.swift; sourceTree = "<group>"; };
		0E83FF5D2838E2910005CEF0 /* BusinessCell.xib */ = {isa = PBXFileReference; lastKnownFileType = file.xib; path = BusinessCell.xib; sourceTree = "<group>"; };
		0EA913F0283882A50018CE3A /* AptitudeTest.app */ = {isa = PBXFileReference; explicitFileType = wrapper.application; includeInIndex = 0; path = AptitudeTest.app; sourceTree = BUILT_PRODUCTS_DIR; };
		0EA913F3283882A50018CE3A /* AppDelegate.swift */ = {isa = PBXFileReference; lastKnownFileType = sourcecode.swift; path = AppDelegate.swift; sourceTree = "<group>"; };
		0EA913F5283882A50018CE3A /* SceneDelegate.swift */ = {isa = PBXFileReference; lastKnownFileType = sourcecode.swift; path = SceneDelegate.swift; sourceTree = "<group>"; };
		0EA913FA283882A50018CE3A /* Base */ = {isa = PBXFileReference; lastKnownFileType = file.storyboard; name = Base; path = Base.lproj/Main.storyboard; sourceTree = "<group>"; };
		0EA913FC283882A60018CE3A /* Assets.xcassets */ = {isa = PBXFileReference; lastKnownFileType = folder.assetcatalog; path = Assets.xcassets; sourceTree = "<group>"; };
		0EA913FF283882A60018CE3A /* Base */ = {isa = PBXFileReference; lastKnownFileType = file.storyboard; name = Base; path = Base.lproj/LaunchScreen.storyboard; sourceTree = "<group>"; };
		0EA91401283882A60018CE3A /* Info.plist */ = {isa = PBXFileReference; lastKnownFileType = text.plist.xml; path = Info.plist; sourceTree = "<group>"; };
		0EA91406283882A60018CE3A /* AptitudeTestTests.xctest */ = {isa = PBXFileReference; explicitFileType = wrapper.cfbundle; includeInIndex = 0; path = AptitudeTestTests.xctest; sourceTree = BUILT_PRODUCTS_DIR; };
		0EA9140A283882A60018CE3A /* AptitudeTestTests.swift */ = {isa = PBXFileReference; lastKnownFileType = sourcecode.swift; path = AptitudeTestTests.swift; sourceTree = "<group>"; };
		0EA91410283882A60018CE3A /* AptitudeTestUITests.xctest */ = {isa = PBXFileReference; explicitFileType = wrapper.cfbundle; includeInIndex = 0; path = AptitudeTestUITests.xctest; sourceTree = BUILT_PRODUCTS_DIR; };
		0EA91414283882A60018CE3A /* AptitudeTestUITests.swift */ = {isa = PBXFileReference; lastKnownFileType = sourcecode.swift; path = AptitudeTestUITests.swift; sourceTree = "<group>"; };
		0EA91416283882A60018CE3A /* AptitudeTestUITestsLaunchTests.swift */ = {isa = PBXFileReference; lastKnownFileType = sourcecode.swift; path = AptitudeTestUITestsLaunchTests.swift; sourceTree = "<group>"; };
		0EA91428283888D70018CE3A /* HomeViewController.swift */ = {isa = PBXFileReference; lastKnownFileType = sourcecode.swift; path = HomeViewController.swift; sourceTree = "<group>"; };
		0EA9142C28388B9C0018CE3A /* LocationManager.swift */ = {isa = PBXFileReference; lastKnownFileType = sourcecode.swift; path = LocationManager.swift; sourceTree = "<group>"; };
		0EA91430283891360018CE3A /* HomeViewModel.swift */ = {isa = PBXFileReference; lastKnownFileType = sourcecode.swift; path = HomeViewModel.swift; sourceTree = "<group>"; };
		0EA914332838943D0018CE3A /* ServiceAPI.swift */ = {isa = PBXFileReference; lastKnownFileType = sourcecode.swift; path = ServiceAPI.swift; sourceTree = "<group>"; };
		0EA91436283894670018CE3A /* Constants.swift */ = {isa = PBXFileReference; lastKnownFileType = sourcecode.swift; path = Constants.swift; sourceTree = "<group>"; };
		0EA91438283894BC0018CE3A /* APIProvider.swift */ = {isa = PBXFileReference; lastKnownFileType = sourcecode.swift; path = APIProvider.swift; sourceTree = "<group>"; };
		0EA9143C283898C90018CE3A /* BusinessesResponseModel.swift */ = {isa = PBXFileReference; lastKnownFileType = sourcecode.swift; path = BusinessesResponseModel.swift; sourceTree = "<group>"; };
		0EA9143F2838A4B30018CE3A /* BusinessModel.swift */ = {isa = PBXFileReference; lastKnownFileType = sourcecode.swift; path = BusinessModel.swift; sourceTree = "<group>"; };
/* End PBXFileReference section */

/* Begin PBXFrameworksBuildPhase section */
		0EA913ED283882A50018CE3A /* Frameworks */ = {
			isa = PBXFrameworksBuildPhase;
			buildActionMask = 2147483647;
			files = (
				0E4332A22839F1A4003742DB /* Kingfisher in Frameworks */,
				0E83FF572838CCF70005CEF0 /* RxSwift in Frameworks */,
				0E83FF552838CCF70005CEF0 /* RxRelay in Frameworks */,
				0E83FF532838CCF70005CEF0 /* RxCocoa in Frameworks */,
			);
			runOnlyForDeploymentPostprocessing = 0;
		};
		0EA91403283882A60018CE3A /* Frameworks */ = {
			isa = PBXFrameworksBuildPhase;
			buildActionMask = 2147483647;
			files = (
				0E83FF592838CCF70005CEF0 /* RxTest in Frameworks */,
				0E83FF512838CCF70005CEF0 /* RxBlocking in Frameworks */,
			);
			runOnlyForDeploymentPostprocessing = 0;
		};
		0EA9140D283882A60018CE3A /* Frameworks */ = {
			isa = PBXFrameworksBuildPhase;
			buildActionMask = 2147483647;
			files = (
			);
			runOnlyForDeploymentPostprocessing = 0;
		};
/* End PBXFrameworksBuildPhase section */

/* Begin PBXGroup section */
		0E4332942839E2F6003742DB /* BusinessDetailViewController */ = {
			isa = PBXGroup;
			children = (
				0E4332952839E311003742DB /* BusinessDetailViewController.swift */,
			);
			path = BusinessDetailViewController;
			sourceTree = "<group>";
		};
		0E4332972839E517003742DB /* BusinessDetailViewModel */ = {
			isa = PBXGroup;
			children = (
				0E4332982839E52E003742DB /* BusinessDetailViewModel.swift */,
			);
			path = BusinessDetailViewModel;
			sourceTree = "<group>";
		};
		0E43329A2839E9DB003742DB /* HourModel */ = {
			isa = PBXGroup;
			children = (
				0E43329B2839E9E7003742DB /* HourModel.swift */,
			);
			path = HourModel;
			sourceTree = "<group>";
		};
		0E43329D2839EB55003742DB /* MessagingModel */ = {
			isa = PBXGroup;
			children = (
				0E43329E2839EB66003742DB /* MessagingModel.swift */,
			);
			path = MessagingModel;
			sourceTree = "<group>";
		};
		0E4332A5283A0674003742DB /* BaseViewController */ = {
			isa = PBXGroup;
			children = (
				0E4332A6283A0685003742DB /* BaseViewController.swift */,
			);
			path = BaseViewController;
			sourceTree = "<group>";
		};
		0E4332A8283BB5FD003742DB /* BaseViewModel */ = {
			isa = PBXGroup;
			children = (
				0E4332A9283BB60E003742DB /* BaseViewModel.swift */,
			);
			path = BaseViewModel;
			sourceTree = "<group>";
		};
		0E83FF3E2838BE9A0005CEF0 /* CoordinateModel */ = {
			isa = PBXGroup;
			children = (
				0E83FF3F2838BEA70005CEF0 /* CoordinateModel.swift */,
			);
			path = CoordinateModel;
			sourceTree = "<group>";
		};
		0E83FF412838BF520005CEF0 /* LocationModel */ = {
			isa = PBXGroup;
			children = (
				0E83FF422838BF870005CEF0 /* LocationModel.swift */,
			);
			path = LocationModel;
			sourceTree = "<group>";
		};
		0E83FF5A2838E2610005CEF0 /* Views */ = {
			isa = PBXGroup;
			children = (
				0E83FF5B2838E2730005CEF0 /* BusinessCell */,
			);
			path = Views;
			sourceTree = "<group>";
		};
		0E83FF5B2838E2730005CEF0 /* BusinessCell */ = {
			isa = PBXGroup;
			children = (
				0E83FF5C2838E2910005CEF0 /* BusinessCell.swift */,
				0E83FF5D2838E2910005CEF0 /* BusinessCell.xib */,
			);
			path = BusinessCell;
			sourceTree = "<group>";
		};
		0EA913E7283882A50018CE3A = {
			isa = PBXGroup;
			children = (
				0EA913F2283882A50018CE3A /* AptitudeTest */,
				0EA91409283882A60018CE3A /* AptitudeTestTests */,
				0EA91413283882A60018CE3A /* AptitudeTestUITests */,
				0EA913F1283882A50018CE3A /* Products */,
			);
			sourceTree = "<group>";
		};
		0EA913F1283882A50018CE3A /* Products */ = {
			isa = PBXGroup;
			children = (
				0EA913F0283882A50018CE3A /* AptitudeTest.app */,
				0EA91406283882A60018CE3A /* AptitudeTestTests.xctest */,
				0EA91410283882A60018CE3A /* AptitudeTestUITests.xctest */,
			);
			name = Products;
			sourceTree = "<group>";
		};
		0EA913F2283882A50018CE3A /* AptitudeTest */ = {
			isa = PBXGroup;
			children = (
				0EA914232838839C0018CE3A /* App */,
				0EA91426283888BA0018CE3A /* ViewControllers */,
				0EA9142E2838911A0018CE3A /* ViewModels */,
				0E83FF5A2838E2610005CEF0 /* Views */,
				0EA9143A283898950018CE3A /* Models */,
				0EA9142A28388B820018CE3A /* Services */,
				0EA91435283894570018CE3A /* Utilities */,
				0EA91424283883BD0018CE3A /* Resources */,
				0EA91401283882A60018CE3A /* Info.plist */,
			);
			path = AptitudeTest;
			sourceTree = "<group>";
		};
		0EA91409283882A60018CE3A /* AptitudeTestTests */ = {
			isa = PBXGroup;
			children = (
				0EA9140A283882A60018CE3A /* AptitudeTestTests.swift */,
			);
			path = AptitudeTestTests;
			sourceTree = "<group>";
		};
		0EA91413283882A60018CE3A /* AptitudeTestUITests */ = {
			isa = PBXGroup;
			children = (
				0EA91414283882A60018CE3A /* AptitudeTestUITests.swift */,
				0EA91416283882A60018CE3A /* AptitudeTestUITestsLaunchTests.swift */,
			);
			path = AptitudeTestUITests;
			sourceTree = "<group>";
		};
		0EA914232838839C0018CE3A /* App */ = {
			isa = PBXGroup;
			children = (
				0EA913F3283882A50018CE3A /* AppDelegate.swift */,
				0EA913F5283882A50018CE3A /* SceneDelegate.swift */,
			);
			path = App;
			sourceTree = "<group>";
		};
		0EA91424283883BD0018CE3A /* Resources */ = {
			isa = PBXGroup;
			children = (
				0EA91425283883CA0018CE3A /* Storyboards */,
				0EA913FC283882A60018CE3A /* Assets.xcassets */,
			);
			path = Resources;
			sourceTree = "<group>";
		};
		0EA91425283883CA0018CE3A /* Storyboards */ = {
			isa = PBXGroup;
			children = (
				0EA913F9283882A50018CE3A /* Main.storyboard */,
				0EA913FE283882A60018CE3A /* LaunchScreen.storyboard */,
			);
			path = Storyboards;
			sourceTree = "<group>";
		};
		0EA91426283888BA0018CE3A /* ViewControllers */ = {
			isa = PBXGroup;
			children = (
				0E4332A5283A0674003742DB /* BaseViewController */,
				0E4332942839E2F6003742DB /* BusinessDetailViewController */,
				0EA91427283888C40018CE3A /* HomeViewController */,
			);
			path = ViewControllers;
			sourceTree = "<group>";
		};
		0EA91427283888C40018CE3A /* HomeViewController */ = {
			isa = PBXGroup;
			children = (
				0EA91428283888D70018CE3A /* HomeViewController.swift */,
			);
			path = HomeViewController;
			sourceTree = "<group>";
		};
		0EA9142A28388B820018CE3A /* Services */ = {
			isa = PBXGroup;
			children = (
				0EA91432283893080018CE3A /* NetworkService */,
				0EA9142B28388B920018CE3A /* LocationManager */,
			);
			path = Services;
			sourceTree = "<group>";
		};
		0EA9142B28388B920018CE3A /* LocationManager */ = {
			isa = PBXGroup;
			children = (
				0EA9142C28388B9C0018CE3A /* LocationManager.swift */,
			);
			path = LocationManager;
			sourceTree = "<group>";
		};
		0EA9142E2838911A0018CE3A /* ViewModels */ = {
			isa = PBXGroup;
			children = (
				0E4332A8283BB5FD003742DB /* BaseViewModel */,
				0E4332972839E517003742DB /* BusinessDetailViewModel */,
				0EA9142F283891280018CE3A /* HomeViewModel */,
			);
			path = ViewModels;
			sourceTree = "<group>";
		};
		0EA9142F283891280018CE3A /* HomeViewModel */ = {
			isa = PBXGroup;
			children = (
				0EA91430283891360018CE3A /* HomeViewModel.swift */,
			);
			path = HomeViewModel;
			sourceTree = "<group>";
		};
		0EA91432283893080018CE3A /* NetworkService */ = {
			isa = PBXGroup;
			children = (
				0EA914332838943D0018CE3A /* ServiceAPI.swift */,
				0EA91438283894BC0018CE3A /* APIProvider.swift */,
			);
			path = NetworkService;
			sourceTree = "<group>";
		};
		0EA91435283894570018CE3A /* Utilities */ = {
			isa = PBXGroup;
			children = (
				0EA91436283894670018CE3A /* Constants.swift */,
				0E4332A3283A0173003742DB /* Date+Extesions.swift */,
				0E0B4692283C701E006021A1 /* ActivityIndicator.swift */,
			);
			path = Utilities;
			sourceTree = "<group>";
		};
		0EA9143A283898950018CE3A /* Models */ = {
			isa = PBXGroup;
			children = (
				0E43329D2839EB55003742DB /* MessagingModel */,
				0E43329A2839E9DB003742DB /* HourModel */,
				0E83FF412838BF520005CEF0 /* LocationModel */,
				0E83FF3E2838BE9A0005CEF0 /* CoordinateModel */,
				0EA914412838BC980018CE3A /* CategoryModel */,
				0EA9143E2838A4910018CE3A /* BussinessModel */,
				0EA9143B283898A50018CE3A /* BussinessesResponseModel */,
			);
			path = Models;
			sourceTree = "<group>";
		};
		0EA9143B283898A50018CE3A /* BussinessesResponseModel */ = {
			isa = PBXGroup;
			children = (
				0EA9143C283898C90018CE3A /* BusinessesResponseModel.swift */,
			);
			path = BussinessesResponseModel;
			sourceTree = "<group>";
		};
		0EA9143E2838A4910018CE3A /* BussinessModel */ = {
			isa = PBXGroup;
			children = (
				0EA9143F2838A4B30018CE3A /* BusinessModel.swift */,
			);
			path = BussinessModel;
			sourceTree = "<group>";
		};
		0EA914412838BC980018CE3A /* CategoryModel */ = {
			isa = PBXGroup;
			children = (
				0E83FF3C2838BCEC0005CEF0 /* CategoryModel.swift */,
			);
			path = CategoryModel;
			sourceTree = "<group>";
		};
/* End PBXGroup section */

/* Begin PBXNativeTarget section */
		0EA913EF283882A50018CE3A /* AptitudeTest */ = {
			isa = PBXNativeTarget;
			buildConfigurationList = 0EA9141A283882A60018CE3A /* Build configuration list for PBXNativeTarget "AptitudeTest" */;
			buildPhases = (
				0EA913EC283882A50018CE3A /* Sources */,
				0EA913ED283882A50018CE3A /* Frameworks */,
				0EA913EE283882A50018CE3A /* Resources */,
			);
			buildRules = (
			);
			dependencies = (
			);
			name = AptitudeTest;
			packageProductDependencies = (
				0E83FF522838CCF70005CEF0 /* RxCocoa */,
				0E83FF542838CCF70005CEF0 /* RxRelay */,
				0E83FF562838CCF70005CEF0 /* RxSwift */,
				0E4332A12839F1A4003742DB /* Kingfisher */,
			);
			productName = AptitudeTest;
			productReference = 0EA913F0283882A50018CE3A /* AptitudeTest.app */;
			productType = "com.apple.product-type.application";
		};
		0EA91405283882A60018CE3A /* AptitudeTestTests */ = {
			isa = PBXNativeTarget;
			buildConfigurationList = 0EA9141D283882A60018CE3A /* Build configuration list for PBXNativeTarget "AptitudeTestTests" */;
			buildPhases = (
				0EA91402283882A60018CE3A /* Sources */,
				0EA91403283882A60018CE3A /* Frameworks */,
				0EA91404283882A60018CE3A /* Resources */,
			);
			buildRules = (
			);
			dependencies = (
				0EA91408283882A60018CE3A /* PBXTargetDependency */,
			);
			name = AptitudeTestTests;
			packageProductDependencies = (
				0E83FF502838CCF70005CEF0 /* RxBlocking */,
				0E83FF582838CCF70005CEF0 /* RxTest */,
			);
			productName = AptitudeTestTests;
			productReference = 0EA91406283882A60018CE3A /* AptitudeTestTests.xctest */;
			productType = "com.apple.product-type.bundle.unit-test";
		};
		0EA9140F283882A60018CE3A /* AptitudeTestUITests */ = {
			isa = PBXNativeTarget;
			buildConfigurationList = 0EA91420283882A60018CE3A /* Build configuration list for PBXNativeTarget "AptitudeTestUITests" */;
			buildPhases = (
				0EA9140C283882A60018CE3A /* Sources */,
				0EA9140D283882A60018CE3A /* Frameworks */,
				0EA9140E283882A60018CE3A /* Resources */,
			);
			buildRules = (
			);
			dependencies = (
				0EA91412283882A60018CE3A /* PBXTargetDependency */,
			);
			name = AptitudeTestUITests;
			productName = AptitudeTestUITests;
			productReference = 0EA91410283882A60018CE3A /* AptitudeTestUITests.xctest */;
			productType = "com.apple.product-type.bundle.ui-testing";
		};
/* End PBXNativeTarget section */

/* Begin PBXProject section */
		0EA913E8283882A50018CE3A /* Project object */ = {
			isa = PBXProject;
			attributes = {
				BuildIndependentTargetsInParallel = 1;
				LastSwiftUpdateCheck = 1330;
				LastUpgradeCheck = 1330;
				TargetAttributes = {
					0EA913EF283882A50018CE3A = {
						CreatedOnToolsVersion = 13.3.1;
					};
					0EA91405283882A60018CE3A = {
						CreatedOnToolsVersion = 13.3.1;
						TestTargetID = 0EA913EF283882A50018CE3A;
					};
					0EA9140F283882A60018CE3A = {
						CreatedOnToolsVersion = 13.3.1;
						TestTargetID = 0EA913EF283882A50018CE3A;
					};
				};
			};
			buildConfigurationList = 0EA913EB283882A50018CE3A /* Build configuration list for PBXProject "AptitudeTest" */;
			compatibilityVersion = "Xcode 13.0";
			developmentRegion = en;
			hasScannedForEncodings = 0;
			knownRegions = (
				en,
				Base,
			);
			mainGroup = 0EA913E7283882A50018CE3A;
			packageReferences = (
				0E83FF4F2838CCF70005CEF0 /* XCRemoteSwiftPackageReference "RxSwift" */,
				0E4332A02839F1A4003742DB /* XCRemoteSwiftPackageReference "Kingfisher" */,
			);
			productRefGroup = 0EA913F1283882A50018CE3A /* Products */;
			projectDirPath = "";
			projectRoot = "";
			targets = (
				0EA913EF283882A50018CE3A /* AptitudeTest */,
				0EA91405283882A60018CE3A /* AptitudeTestTests */,
				0EA9140F283882A60018CE3A /* AptitudeTestUITests */,
			);
		};
/* End PBXProject section */

/* Begin PBXResourcesBuildPhase section */
		0EA913EE283882A50018CE3A /* Resources */ = {
			isa = PBXResourcesBuildPhase;
			buildActionMask = 2147483647;
			files = (
				0EA91400283882A60018CE3A /* LaunchScreen.storyboard in Resources */,
				0E83FF5F2838E2910005CEF0 /* BusinessCell.xib in Resources */,
				0EA913FD283882A60018CE3A /* Assets.xcassets in Resources */,
				0EA913FB283882A50018CE3A /* Main.storyboard in Resources */,
			);
			runOnlyForDeploymentPostprocessing = 0;
		};
		0EA91404283882A60018CE3A /* Resources */ = {
			isa = PBXResourcesBuildPhase;
			buildActionMask = 2147483647;
			files = (
			);
			runOnlyForDeploymentPostprocessing = 0;
		};
		0EA9140E283882A60018CE3A /* Resources */ = {
			isa = PBXResourcesBuildPhase;
			buildActionMask = 2147483647;
			files = (
			);
			runOnlyForDeploymentPostprocessing = 0;
		};
/* End PBXResourcesBuildPhase section */

/* Begin PBXSourcesBuildPhase section */
		0EA913EC283882A50018CE3A /* Sources */ = {
			isa = PBXSourcesBuildPhase;
			buildActionMask = 2147483647;
			files = (
				0EA9143D283898C90018CE3A /* BusinessesResponseModel.swift in Sources */,
				0E4332A4283A0173003742DB /* Date+Extesions.swift in Sources */,
				0E83FF402838BEA70005CEF0 /* CoordinateModel.swift in Sources */,
				0EA9142D28388B9C0018CE3A /* LocationManager.swift in Sources */,
				0E4332992839E52E003742DB /* BusinessDetailViewModel.swift in Sources */,
				0E4332A7283A0685003742DB /* BaseViewController.swift in Sources */,
				0EA91439283894BC0018CE3A /* APIProvider.swift in Sources */,
				0EA913F4283882A50018CE3A /* AppDelegate.swift in Sources */,
				0EA913F6283882A50018CE3A /* SceneDelegate.swift in Sources */,
				0EA914402838A4B30018CE3A /* BusinessModel.swift in Sources */,
				0E83FF5E2838E2910005CEF0 /* BusinessCell.swift in Sources */,
				0EA91431283891360018CE3A /* HomeViewModel.swift in Sources */,
				0E4332962839E311003742DB /* BusinessDetailViewController.swift in Sources */,
				0E43329C2839E9E7003742DB /* HourModel.swift in Sources */,
				0E43329F2839EB66003742DB /* MessagingModel.swift in Sources */,
				0E83FF3D2838BCEC0005CEF0 /* CategoryModel.swift in Sources */,
				0E0B4693283C701E006021A1 /* ActivityIndicator.swift in Sources */,
				0EA91437283894670018CE3A /* Constants.swift in Sources */,
				0E4332AA283BB60E003742DB /* BaseViewModel.swift in Sources */,
				0E83FF432838BF870005CEF0 /* LocationModel.swift in Sources */,
				0EA914342838943D0018CE3A /* ServiceAPI.swift in Sources */,
				0EA91429283888D70018CE3A /* HomeViewController.swift in Sources */,
			);
			runOnlyForDeploymentPostprocessing = 0;
		};
		0EA91402283882A60018CE3A /* Sources */ = {
			isa = PBXSourcesBuildPhase;
			buildActionMask = 2147483647;
			files = (
				0EA9140B283882A60018CE3A /* AptitudeTestTests.swift in Sources */,
			);
			runOnlyForDeploymentPostprocessing = 0;
		};
		0EA9140C283882A60018CE3A /* Sources */ = {
			isa = PBXSourcesBuildPhase;
			buildActionMask = 2147483647;
			files = (
				0EA91417283882A60018CE3A /* AptitudeTestUITestsLaunchTests.swift in Sources */,
				0EA91415283882A60018CE3A /* AptitudeTestUITests.swift in Sources */,
			);
			runOnlyForDeploymentPostprocessing = 0;
		};
/* End PBXSourcesBuildPhase section */

/* Begin PBXTargetDependency section */
		0EA91408283882A60018CE3A /* PBXTargetDependency */ = {
			isa = PBXTargetDependency;
			target = 0EA913EF283882A50018CE3A /* AptitudeTest */;
			targetProxy = 0EA91407283882A60018CE3A /* PBXContainerItemProxy */;
		};
		0EA91412283882A60018CE3A /* PBXTargetDependency */ = {
			isa = PBXTargetDependency;
			target = 0EA913EF283882A50018CE3A /* AptitudeTest */;
			targetProxy = 0EA91411283882A60018CE3A /* PBXContainerItemProxy */;
		};
/* End PBXTargetDependency section */

/* Begin PBXVariantGroup section */
		0EA913F9283882A50018CE3A /* Main.storyboard */ = {
			isa = PBXVariantGroup;
			children = (
				0EA913FA283882A50018CE3A /* Base */,
			);
			name = Main.storyboard;
			sourceTree = "<group>";
		};
		0EA913FE283882A60018CE3A /* LaunchScreen.storyboard */ = {
			isa = PBXVariantGroup;
			children = (
				0EA913FF283882A60018CE3A /* Base */,
			);
			name = LaunchScreen.storyboard;
			sourceTree = "<group>";
		};
/* End PBXVariantGroup section */

/* Begin XCBuildConfiguration section */
		0EA91418283882A60018CE3A /* Debug */ = {
			isa = XCBuildConfiguration;
			buildSettings = {
				ALWAYS_SEARCH_USER_PATHS = NO;
				CLANG_ANALYZER_NONNULL = YES;
				CLANG_ANALYZER_NUMBER_OBJECT_CONVERSION = YES_AGGRESSIVE;
				CLANG_CXX_LANGUAGE_STANDARD = "gnu++17";
				CLANG_ENABLE_MODULES = YES;
				CLANG_ENABLE_OBJC_ARC = YES;
				CLANG_ENABLE_OBJC_WEAK = YES;
				CLANG_WARN_BLOCK_CAPTURE_AUTORELEASING = YES;
				CLANG_WARN_BOOL_CONVERSION = YES;
				CLANG_WARN_COMMA = YES;
				CLANG_WARN_CONSTANT_CONVERSION = YES;
				CLANG_WARN_DEPRECATED_OBJC_IMPLEMENTATIONS = YES;
				CLANG_WARN_DIRECT_OBJC_ISA_USAGE = YES_ERROR;
				CLANG_WARN_DOCUMENTATION_COMMENTS = YES;
				CLANG_WARN_EMPTY_BODY = YES;
				CLANG_WARN_ENUM_CONVERSION = YES;
				CLANG_WARN_INFINITE_RECURSION = YES;
				CLANG_WARN_INT_CONVERSION = YES;
				CLANG_WARN_NON_LITERAL_NULL_CONVERSION = YES;
				CLANG_WARN_OBJC_IMPLICIT_RETAIN_SELF = YES;
				CLANG_WARN_OBJC_LITERAL_CONVERSION = YES;
				CLANG_WARN_OBJC_ROOT_CLASS = YES_ERROR;
				CLANG_WARN_QUOTED_INCLUDE_IN_FRAMEWORK_HEADER = YES;
				CLANG_WARN_RANGE_LOOP_ANALYSIS = YES;
				CLANG_WARN_STRICT_PROTOTYPES = YES;
				CLANG_WARN_SUSPICIOUS_MOVE = YES;
				CLANG_WARN_UNGUARDED_AVAILABILITY = YES_AGGRESSIVE;
				CLANG_WARN_UNREACHABLE_CODE = YES;
				CLANG_WARN__DUPLICATE_METHOD_MATCH = YES;
				COPY_PHASE_STRIP = NO;
				DEBUG_INFORMATION_FORMAT = dwarf;
				ENABLE_STRICT_OBJC_MSGSEND = YES;
				ENABLE_TESTABILITY = YES;
				GCC_C_LANGUAGE_STANDARD = gnu11;
				GCC_DYNAMIC_NO_PIC = NO;
				GCC_NO_COMMON_BLOCKS = YES;
				GCC_OPTIMIZATION_LEVEL = 0;
				GCC_PREPROCESSOR_DEFINITIONS = (
					"DEBUG=1",
					"$(inherited)",
				);
				GCC_WARN_64_TO_32_BIT_CONVERSION = YES;
				GCC_WARN_ABOUT_RETURN_TYPE = YES_ERROR;
				GCC_WARN_UNDECLARED_SELECTOR = YES;
				GCC_WARN_UNINITIALIZED_AUTOS = YES_AGGRESSIVE;
				GCC_WARN_UNUSED_FUNCTION = YES;
				GCC_WARN_UNUSED_VARIABLE = YES;
				IPHONEOS_DEPLOYMENT_TARGET = 15.4;
				MTL_ENABLE_DEBUG_INFO = INCLUDE_SOURCE;
				MTL_FAST_MATH = YES;
				ONLY_ACTIVE_ARCH = YES;
				SDKROOT = iphoneos;
				SWIFT_ACTIVE_COMPILATION_CONDITIONS = DEBUG;
				SWIFT_OPTIMIZATION_LEVEL = "-Onone";
			};
			name = Debug;
		};
		0EA91419283882A60018CE3A /* Release */ = {
			isa = XCBuildConfiguration;
			buildSettings = {
				ALWAYS_SEARCH_USER_PATHS = NO;
				CLANG_ANALYZER_NONNULL = YES;
				CLANG_ANALYZER_NUMBER_OBJECT_CONVERSION = YES_AGGRESSIVE;
				CLANG_CXX_LANGUAGE_STANDARD = "gnu++17";
				CLANG_ENABLE_MODULES = YES;
				CLANG_ENABLE_OBJC_ARC = YES;
				CLANG_ENABLE_OBJC_WEAK = YES;
				CLANG_WARN_BLOCK_CAPTURE_AUTORELEASING = YES;
				CLANG_WARN_BOOL_CONVERSION = YES;
				CLANG_WARN_COMMA = YES;
				CLANG_WARN_CONSTANT_CONVERSION = YES;
				CLANG_WARN_DEPRECATED_OBJC_IMPLEMENTATIONS = YES;
				CLANG_WARN_DIRECT_OBJC_ISA_USAGE = YES_ERROR;
				CLANG_WARN_DOCUMENTATION_COMMENTS = YES;
				CLANG_WARN_EMPTY_BODY = YES;
				CLANG_WARN_ENUM_CONVERSION = YES;
				CLANG_WARN_INFINITE_RECURSION = YES;
				CLANG_WARN_INT_CONVERSION = YES;
				CLANG_WARN_NON_LITERAL_NULL_CONVERSION = YES;
				CLANG_WARN_OBJC_IMPLICIT_RETAIN_SELF = YES;
				CLANG_WARN_OBJC_LITERAL_CONVERSION = YES;
				CLANG_WARN_OBJC_ROOT_CLASS = YES_ERROR;
				CLANG_WARN_QUOTED_INCLUDE_IN_FRAMEWORK_HEADER = YES;
				CLANG_WARN_RANGE_LOOP_ANALYSIS = YES;
				CLANG_WARN_STRICT_PROTOTYPES = YES;
				CLANG_WARN_SUSPICIOUS_MOVE = YES;
				CLANG_WARN_UNGUARDED_AVAILABILITY = YES_AGGRESSIVE;
				CLANG_WARN_UNREACHABLE_CODE = YES;
				CLANG_WARN__DUPLICATE_METHOD_MATCH = YES;
				COPY_PHASE_STRIP = NO;
				DEBUG_INFORMATION_FORMAT = "dwarf-with-dsym";
				ENABLE_NS_ASSERTIONS = NO;
				ENABLE_STRICT_OBJC_MSGSEND = YES;
				GCC_C_LANGUAGE_STANDARD = gnu11;
				GCC_NO_COMMON_BLOCKS = YES;
				GCC_WARN_64_TO_32_BIT_CONVERSION = YES;
				GCC_WARN_ABOUT_RETURN_TYPE = YES_ERROR;
				GCC_WARN_UNDECLARED_SELECTOR = YES;
				GCC_WARN_UNINITIALIZED_AUTOS = YES_AGGRESSIVE;
				GCC_WARN_UNUSED_FUNCTION = YES;
				GCC_WARN_UNUSED_VARIABLE = YES;
				IPHONEOS_DEPLOYMENT_TARGET = 15.4;
				MTL_ENABLE_DEBUG_INFO = NO;
				MTL_FAST_MATH = YES;
				SDKROOT = iphoneos;
				SWIFT_COMPILATION_MODE = wholemodule;
				SWIFT_OPTIMIZATION_LEVEL = "-O";
				VALIDATE_PRODUCT = YES;
			};
			name = Release;
		};
		0EA9141B283882A60018CE3A /* Debug */ = {
			isa = XCBuildConfiguration;
			buildSettings = {
				ASSETCATALOG_COMPILER_APPICON_NAME = AppIcon;
				ASSETCATALOG_COMPILER_GLOBAL_ACCENT_COLOR_NAME = AccentColor;
				CODE_SIGN_STYLE = Automatic;
				CURRENT_PROJECT_VERSION = 1;
				DEVELOPMENT_TEAM = LRKSJFWZFK;
				ENABLE_TESTING_SEARCH_PATHS = YES;
				GENERATE_INFOPLIST_FILE = YES;
				INFOPLIST_FILE = AptitudeTest/Info.plist;
				INFOPLIST_KEY_UIApplicationSupportsIndirectInputEvents = YES;
				INFOPLIST_KEY_UILaunchStoryboardName = LaunchScreen;
				INFOPLIST_KEY_UIMainStoryboardFile = Main;
				INFOPLIST_KEY_UISupportedInterfaceOrientations_iPad = "UIInterfaceOrientationPortrait UIInterfaceOrientationPortraitUpsideDown UIInterfaceOrientationLandscapeLeft UIInterfaceOrientationLandscapeRight";
				INFOPLIST_KEY_UISupportedInterfaceOrientations_iPhone = "UIInterfaceOrientationPortrait UIInterfaceOrientationLandscapeLeft UIInterfaceOrientationLandscapeRight";
				IPHONEOS_DEPLOYMENT_TARGET = 12.0;
				LD_RUNPATH_SEARCH_PATHS = (
					"$(inherited)",
					"@executable_path/Frameworks",
				);
				MARKETING_VERSION = 1.0;
				PRODUCT_BUNDLE_IDENTIFIER = com.hungnguyen.AptitudeTest;
				PRODUCT_NAME = "$(TARGET_NAME)";
				SWIFT_EMIT_LOC_STRINGS = YES;
				SWIFT_VERSION = 5.0;
				TARGETED_DEVICE_FAMILY = "1,2";
			};
			name = Debug;
		};
		0EA9141C283882A60018CE3A /* Release */ = {
			isa = XCBuildConfiguration;
			buildSettings = {
				ASSETCATALOG_COMPILER_APPICON_NAME = AppIcon;
				ASSETCATALOG_COMPILER_GLOBAL_ACCENT_COLOR_NAME = AccentColor;
				CODE_SIGN_STYLE = Automatic;
				CURRENT_PROJECT_VERSION = 1;
				DEVELOPMENT_TEAM = LRKSJFWZFK;
				ENABLE_TESTING_SEARCH_PATHS = YES;
				GENERATE_INFOPLIST_FILE = YES;
				INFOPLIST_FILE = AptitudeTest/Info.plist;
				INFOPLIST_KEY_UIApplicationSupportsIndirectInputEvents = YES;
				INFOPLIST_KEY_UILaunchStoryboardName = LaunchScreen;
				INFOPLIST_KEY_UIMainStoryboardFile = Main;
				INFOPLIST_KEY_UISupportedInterfaceOrientations_iPad = "UIInterfaceOrientationPortrait UIInterfaceOrientationPortraitUpsideDown UIInterfaceOrientationLandscapeLeft UIInterfaceOrientationLandscapeRight";
				INFOPLIST_KEY_UISupportedInterfaceOrientations_iPhone = "UIInterfaceOrientationPortrait UIInterfaceOrientationLandscapeLeft UIInterfaceOrientationLandscapeRight";
				IPHONEOS_DEPLOYMENT_TARGET = 12.0;
				LD_RUNPATH_SEARCH_PATHS = (
					"$(inherited)",
					"@executable_path/Frameworks",
				);
				MARKETING_VERSION = 1.0;
				PRODUCT_BUNDLE_IDENTIFIER = com.hungnguyen.AptitudeTest;
				PRODUCT_NAME = "$(TARGET_NAME)";
				SWIFT_EMIT_LOC_STRINGS = YES;
				SWIFT_VERSION = 5.0;
				TARGETED_DEVICE_FAMILY = "1,2";
			};
			name = Release;
		};
		0EA9141E283882A60018CE3A /* Debug */ = {
			isa = XCBuildConfiguration;
			buildSettings = {
				ALWAYS_EMBED_SWIFT_STANDARD_LIBRARIES = YES;
				BUNDLE_LOADER = "$(TEST_HOST)";
				CODE_SIGN_STYLE = Automatic;
				CURRENT_PROJECT_VERSION = 1;
				DEVELOPMENT_TEAM = LRKSJFWZFK;
				GENERATE_INFOPLIST_FILE = YES;
				IPHONEOS_DEPLOYMENT_TARGET = 15.4;
				MARKETING_VERSION = 1.0;
				PRODUCT_BUNDLE_IDENTIFIER = com.hungnguyen.AptitudeTestTests;
				PRODUCT_NAME = "$(TARGET_NAME)";
				SWIFT_EMIT_LOC_STRINGS = NO;
				SWIFT_VERSION = 5.0;
				TARGETED_DEVICE_FAMILY = "1,2";
				TEST_HOST = "$(BUILT_PRODUCTS_DIR)/AptitudeTest.app/AptitudeTest";
			};
			name = Debug;
		};
		0EA9141F283882A60018CE3A /* Release */ = {
			isa = XCBuildConfiguration;
			buildSettings = {
				ALWAYS_EMBED_SWIFT_STANDARD_LIBRARIES = YES;
				BUNDLE_LOADER = "$(TEST_HOST)";
				CODE_SIGN_STYLE = Automatic;
				CURRENT_PROJECT_VERSION = 1;
				DEVELOPMENT_TEAM = LRKSJFWZFK;
				GENERATE_INFOPLIST_FILE = YES;
				IPHONEOS_DEPLOYMENT_TARGET = 15.4;
				MARKETING_VERSION = 1.0;
				PRODUCT_BUNDLE_IDENTIFIER = com.hungnguyen.AptitudeTestTests;
				PRODUCT_NAME = "$(TARGET_NAME)";
				SWIFT_EMIT_LOC_STRINGS = NO;
				SWIFT_VERSION = 5.0;
				TARGETED_DEVICE_FAMILY = "1,2";
				TEST_HOST = "$(BUILT_PRODUCTS_DIR)/AptitudeTest.app/AptitudeTest";
			};
			name = Release;
		};
		0EA91421283882A60018CE3A /* Debug */ = {
			isa = XCBuildConfiguration;
			buildSettings = {
				ALWAYS_EMBED_SWIFT_STANDARD_LIBRARIES = YES;
				CODE_SIGN_STYLE = Automatic;
				CURRENT_PROJECT_VERSION = 1;
				DEVELOPMENT_TEAM = LRKSJFWZFK;
				GENERATE_INFOPLIST_FILE = YES;
				MARKETING_VERSION = 1.0;
				PRODUCT_BUNDLE_IDENTIFIER = com.hungnguyen.AptitudeTestUITests;
				PRODUCT_NAME = "$(TARGET_NAME)";
				SWIFT_EMIT_LOC_STRINGS = NO;
				SWIFT_VERSION = 5.0;
				TARGETED_DEVICE_FAMILY = "1,2";
				TEST_TARGET_NAME = AptitudeTest;
			};
			name = Debug;
		};
		0EA91422283882A60018CE3A /* Release */ = {
			isa = XCBuildConfiguration;
			buildSettings = {
				ALWAYS_EMBED_SWIFT_STANDARD_LIBRARIES = YES;
				CODE_SIGN_STYLE = Automatic;
				CURRENT_PROJECT_VERSION = 1;
				DEVELOPMENT_TEAM = LRKSJFWZFK;
				GENERATE_INFOPLIST_FILE = YES;
				MARKETING_VERSION = 1.0;
				PRODUCT_BUNDLE_IDENTIFIER = com.hungnguyen.AptitudeTestUITests;
				PRODUCT_NAME = "$(TARGET_NAME)";
				SWIFT_EMIT_LOC_STRINGS = NO;
				SWIFT_VERSION = 5.0;
				TARGETED_DEVICE_FAMILY = "1,2";
				TEST_TARGET_NAME = AptitudeTest;
			};
			name = Release;
		};
/* End XCBuildConfiguration section */

/* Begin XCConfigurationList section */
		0EA913EB283882A50018CE3A /* Build configuration list for PBXProject "AptitudeTest" */ = {
			isa = XCConfigurationList;
			buildConfigurations = (
				0EA91418283882A60018CE3A /* Debug */,
				0EA91419283882A60018CE3A /* Release */,
			);
			defaultConfigurationIsVisible = 0;
			defaultConfigurationName = Release;
		};
		0EA9141A283882A60018CE3A /* Build configuration list for PBXNativeTarget "AptitudeTest" */ = {
			isa = XCConfigurationList;
			buildConfigurations = (
				0EA9141B283882A60018CE3A /* Debug */,
				0EA9141C283882A60018CE3A /* Release */,
			);
			defaultConfigurationIsVisible = 0;
			defaultConfigurationName = Release;
		};
		0EA9141D283882A60018CE3A /* Build configuration list for PBXNativeTarget "AptitudeTestTests" */ = {
			isa = XCConfigurationList;
			buildConfigurations = (
				0EA9141E283882A60018CE3A /* Debug */,
				0EA9141F283882A60018CE3A /* Release */,
			);
			defaultConfigurationIsVisible = 0;
			defaultConfigurationName = Release;
		};
		0EA91420283882A60018CE3A /* Build configuration list for PBXNativeTarget "AptitudeTestUITests" */ = {
			isa = XCConfigurationList;
			buildConfigurations = (
				0EA91421283882A60018CE3A /* Debug */,
				0EA91422283882A60018CE3A /* Release */,
			);
			defaultConfigurationIsVisible = 0;
			defaultConfigurationName = Release;
		};
/* End XCConfigurationList section */

/* Begin XCRemoteSwiftPackageReference section */
		0E4332A02839F1A4003742DB /* XCRemoteSwiftPackageReference "Kingfisher" */ = {
			isa = XCRemoteSwiftPackageReference;
			repositoryURL = "https://github.com/onevcat/Kingfisher.git";
			requirement = {
				kind = upToNextMajorVersion;
				minimumVersion = 7.0.0;
			};
		};
		0E83FF4F2838CCF70005CEF0 /* XCRemoteSwiftPackageReference "RxSwift" */ = {
			isa = XCRemoteSwiftPackageReference;
			repositoryURL = "https://github.com/ReactiveX/RxSwift.git";
			requirement = {
				kind = upToNextMajorVersion;
				minimumVersion = 6.0.0;
			};
		};
/* End XCRemoteSwiftPackageReference section */

/* Begin XCSwiftPackageProductDependency section */
		0E4332A12839F1A4003742DB /* Kingfisher */ = {
			isa = XCSwiftPackageProductDependency;
			package = 0E4332A02839F1A4003742DB /* XCRemoteSwiftPackageReference "Kingfisher" */;
			productName = Kingfisher;
		};
		0E83FF502838CCF70005CEF0 /* RxBlocking */ = {
			isa = XCSwiftPackageProductDependency;
			package = 0E83FF4F2838CCF70005CEF0 /* XCRemoteSwiftPackageReference "RxSwift" */;
			productName = RxBlocking;
		};
		0E83FF522838CCF70005CEF0 /* RxCocoa */ = {
			isa = XCSwiftPackageProductDependency;
			package = 0E83FF4F2838CCF70005CEF0 /* XCRemoteSwiftPackageReference "RxSwift" */;
			productName = RxCocoa;
		};
		0E83FF542838CCF70005CEF0 /* RxRelay */ = {
			isa = XCSwiftPackageProductDependency;
			package = 0E83FF4F2838CCF70005CEF0 /* XCRemoteSwiftPackageReference "RxSwift" */;
			productName = RxRelay;
		};
		0E83FF562838CCF70005CEF0 /* RxSwift */ = {
			isa = XCSwiftPackageProductDependency;
			package = 0E83FF4F2838CCF70005CEF0 /* XCRemoteSwiftPackageReference "RxSwift" */;
			productName = RxSwift;
		};
		0E83FF582838CCF70005CEF0 /* RxTest */ = {
			isa = XCSwiftPackageProductDependency;
			package = 0E83FF4F2838CCF70005CEF0 /* XCRemoteSwiftPackageReference "RxSwift" */;
			productName = RxTest;
		};
/* End XCSwiftPackageProductDependency section */
	};
	rootObject = 0EA913E8283882A50018CE3A /* Project object */;
}
